
Microsoft Visual Studio Solution File, Format Version 12.00
# Visual Studio Version 16
VisualStudioVersion = 16.0.28803.202
MinimumVisualStudioVersion = 10.0.40219.1
Project("{9A19103F-16F7-4668-BE54-9A1E7A4F7556}") = "Potestas", "Potestas\Potestas.csproj", "{EEB46883-CBA0-4919-B984-A3254930E9CA}"
EndProject
Project("{9A19103F-16F7-4668-BE54-9A1E7A4F7556}") = "Potestas.Tests", "Potestas.Tests\Potestas.Tests.csproj", "{478AA982-EC6E-43D8-A24A-F7BE3C4E0AF0}"
EndProject
Project("{9A19103F-16F7-4668-BE54-9A1E7A4F7556}") = "Potestas.Apps.Terminal", "Potestas.Apps.Terminal\Potestas.Apps.Terminal.csproj", "{3C3E81BE-F2C2-406D-B75D-599B6527F377}"
EndProject
Project("{2150E333-8FDC-42A3-9474-1A3956D46DE8}") = "SQL", "SQL", "{19C95DF5-1FB4-481E-96A0-13515B6E7655}"
	ProjectSection(SolutionItems) = preProject
		CreateDB.sql = CreateDB.sql
		CreateProcedures.sql = CreateProcedures.sql
	EndProjectSection
EndProject
Project("{9A19103F-16F7-4668-BE54-9A1E7A4F7556}") = "Potestas.ADO.Plugin", "Potestas.ADO.Plugin\Potestas.ADO.Plugin.csproj", "{F3AC4BF1-E6E0-47CA-8BDD-8ACAF9868701}"
EndProject
Project("{9A19103F-16F7-4668-BE54-9A1E7A4F7556}") = "Potestas.ORM.Plugin", "Potestas.ORM.Plugin\Potestas.ORM.Plugin.csproj", "{6C97BB79-2813-4C19-8A28-87F5B417E92B}"
EndProject
Project("{FAE04EC0-301F-11D3-BF4B-00C04F79EFBC}") = "Potestas.ORM.CodeFirstAproach", "Potestas.ORM.CodeFirstAproach\Potestas.ORM.CodeFirstAproach.csproj", "{7998598E-A38E-47A4-AB70-86623B442C12}"
EndProject
Global
	GlobalSection(SolutionConfigurationPlatforms) = preSolution
		Debug|Any CPU = Debug|Any CPU
		Release|Any CPU = Release|Any CPU
	EndGlobalSection
	GlobalSection(ProjectConfigurationPlatforms) = postSolution
		{EEB46883-CBA0-4919-B984-A3254930E9CA}.Debug|Any CPU.ActiveCfg = Debug|Any CPU
		{EEB46883-CBA0-4919-B984-A3254930E9CA}.Debug|Any CPU.Build.0 = Debug|Any CPU
		{EEB46883-CBA0-4919-B984-A3254930E9CA}.Release|Any CPU.ActiveCfg = Release|Any CPU
		{EEB46883-CBA0-4919-B984-A3254930E9CA}.Release|Any CPU.Build.0 = Release|Any CPU
		{478AA982-EC6E-43D8-A24A-F7BE3C4E0AF0}.Debug|Any CPU.ActiveCfg = Debug|Any CPU
		{478AA982-EC6E-43D8-A24A-F7BE3C4E0AF0}.Debug|Any CPU.Build.0 = Debug|Any CPU
		{478AA982-EC6E-43D8-A24A-F7BE3C4E0AF0}.Release|Any CPU.ActiveCfg = Release|Any CPU
		{478AA982-EC6E-43D8-A24A-F7BE3C4E0AF0}.Release|Any CPU.Build.0 = Release|Any CPU
		{3C3E81BE-F2C2-406D-B75D-599B6527F377}.Debug|Any CPU.ActiveCfg = Debug|Any CPU
		{3C3E81BE-F2C2-406D-B75D-599B6527F377}.Debug|Any CPU.Build.0 = Debug|Any CPU
		{3C3E81BE-F2C2-406D-B75D-599B6527F377}.Release|Any CPU.ActiveCfg = Release|Any CPU
		{3C3E81BE-F2C2-406D-B75D-599B6527F377}.Release|Any CPU.Build.0 = Release|Any CPU
		{F3AC4BF1-E6E0-47CA-8BDD-8ACAF9868701}.Debug|Any CPU.ActiveCfg = Debug|Any CPU
		{F3AC4BF1-E6E0-47CA-8BDD-8ACAF9868701}.Debug|Any CPU.Build.0 = Debug|Any CPU
		{F3AC4BF1-E6E0-47CA-8BDD-8ACAF9868701}.Release|Any CPU.ActiveCfg = Release|Any CPU
		{F3AC4BF1-E6E0-47CA-8BDD-8ACAF9868701}.Release|Any CPU.Build.0 = Release|Any CPU
		{6C97BB79-2813-4C19-8A28-87F5B417E92B}.Debug|Any CPU.ActiveCfg = Debug|Any CPU
		{6C97BB79-2813-4C19-8A28-87F5B417E92B}.Debug|Any CPU.Build.0 = Debug|Any CPU
		{6C97BB79-2813-4C19-8A28-87F5B417E92B}.Release|Any CPU.ActiveCfg = Release|Any CPU
		{6C97BB79-2813-4C19-8A28-87F5B417E92B}.Release|Any CPU.Build.0 = Release|Any CPU
		{7998598E-A38E-47A4-AB70-86623B442C12}.Debug|Any CPU.ActiveCfg = Debug|Any CPU
		{7998598E-A38E-47A4-AB70-86623B442C12}.Debug|Any CPU.Build.0 = Debug|Any CPU
		{7998598E-A38E-47A4-AB70-86623B442C12}.Release|Any CPU.ActiveCfg = Release|Any CPU
		{7998598E-A38E-47A4-AB70-86623B442C12}.Release|Any CPU.Build.0 = Release|Any CPU
	EndGlobalSection
	GlobalSection(SolutionProperties) = preSolution
		HideSolutionNode = FALSE
	EndGlobalSection
	GlobalSection(ExtensibilityGlobals) = postSolution
		SolutionGuid = {548FEA81-9940-43B0-8680-256A4C888DF5}
	EndGlobalSection
EndGlobal
